// !$*UTF8*$!
{
	archiveVersion = 1;
	classes = {
	};
	objectVersion = 48;
	objects = {

/* Begin PBXBuildFile section */
		A0D08E951FE4B5AC003E63DE /* AppDelegate.swift in Sources */ = {isa = PBXBuildFile; fileRef = A0D08E941FE4B5AC003E63DE /* AppDelegate.swift */; };
		A0D08E971FE4B5AC003E63DE /* ViewController.swift in Sources */ = {isa = PBXBuildFile; fileRef = A0D08E961FE4B5AC003E63DE /* ViewController.swift */; };
		A0D08E9A1FE4B5AC003E63DE /* Main.storyboard in Resources */ = {isa = PBXBuildFile; fileRef = A0D08E981FE4B5AC003E63DE /* Main.storyboard */; };
		A0D08E9C1FE4B5AC003E63DE /* Assets.xcassets in Resources */ = {isa = PBXBuildFile; fileRef = A0D08E9B1FE4B5AC003E63DE /* Assets.xcassets */; };
		A0D08E9F1FE4B5AC003E63DE /* LaunchScreen.storyboard in Resources */ = {isa = PBXBuildFile; fileRef = A0D08E9D1FE4B5AC003E63DE /* LaunchScreen.storyboard */; };
		A0D08EA91FE4B911003E63DE /* FruitViewController.swift in Sources */ = {isa = PBXBuildFile; fileRef = A0D08EA81FE4B911003E63DE /* FruitViewController.swift */; };
/* End PBXBuildFile section */

/* Begin PBXFileReference section */
		A0D08E911FE4B5AC003E63DE /* KKAnimations.app */ = {isa = PBXFileReference; explicitFileType = wrapper.application; includeInIndex = 0; path = KKAnimations.app; sourceTree = BUILT_PRODUCTS_DIR; };
		A0D08E941FE4B5AC003E63DE /* AppDelegate.swift */ = {isa = PBXFileReference; lastKnownFileType = sourcecode.swift; path = AppDelegate.swift; sourceTree = "<group>"; };
		A0D08E961FE4B5AC003E63DE /* ViewController.swift */ = {isa = PBXFileReference; lastKnownFileType = sourcecode.swift; path = ViewController.swift; sourceTree = "<group>"; };
		A0D08E991FE4B5AC003E63DE /* Base */ = {isa = PBXFileReference; lastKnownFileType = file.storyboard; name = Base; path = Base.lproj/Main.storyboard; sourceTree = "<group>"; };
		A0D08E9B1FE4B5AC003E63DE /* Assets.xcassets */ = {isa = PBXFileReference; lastKnownFileType = folder.assetcatalog; path = Assets.xcassets; sourceTree = "<group>"; };
		A0D08E9E1FE4B5AC003E63DE /* Base */ = {isa = PBXFileReference; lastKnownFileType = file.storyboard; name = Base; path = Base.lproj/LaunchScreen.storyboard; sourceTree = "<group>"; };
		A0D08EA01FE4B5AC003E63DE /* Info.plist */ = {isa = PBXFileReference; lastKnownFileType = text.plist.xml; path = Info.plist; sourceTree = "<group>"; };
		A0D08EA81FE4B911003E63DE /* FruitViewController.swift */ = {isa = PBXFileReference; lastKnownFileType = sourcecode.swift; path = FruitViewController.swift; sourceTree = "<group>"; };
/* End PBXFileReference section */

/* Begin PBXFrameworksBuildPhase section */
		A0D08E8E1FE4B5AC003E63DE /* Frameworks */ = {
			isa = PBXFrameworksBuildPhase;
			buildActionMask = 2147483647;
			files = (
			);
			runOnlyForDeploymentPostprocessing = 0;
		};
/* End PBXFrameworksBuildPhase section */

/* Begin PBXGroup section */
		A0D08E881FE4B5AC003E63DE = {
			isa = PBXGroup;
			children = (
				A0D08E931FE4B5AC003E63DE /* KKAnimations */,
				A0D08E921FE4B5AC003E63DE /* Products */,
			);
			sourceTree = "<group>";
		};
		A0D08E921FE4B5AC003E63DE /* Products */ = {
			isa = PBXGroup;
			children = (
				A0D08E911FE4B5AC003E63DE /* KKAnimations.app */,
			);
			name = Products;
			sourceTree = "<group>";
		};
		A0D08E931FE4B5AC003E63DE /* KKAnimations */ = {
			isa = PBXGroup;
			children = (
				A0D08E941FE4B5AC003E63DE /* AppDelegate.swift */,
				A0D08E961FE4B5AC003E63DE /* ViewController.swift */,
				A0D08EA81FE4B911003E63DE /* FruitViewController.swift */,
				A0D08E981FE4B5AC003E63DE /* Main.storyboard */,
				A0D08E9B1FE4B5AC003E63DE /* Assets.xcassets */,
				A0D08E9D1FE4B5AC003E63DE /* LaunchScreen.storyboard */,
				A0D08EA01FE4B5AC003E63DE /* Info.plist */,
			);
			path = KKAnimations;
			sourceTree = "<group>";
		};
/* End PBXGroup section */

/* Begin PBXNativeTarget section */
		A0D08E901FE4B5AC003E63DE /* KKAnimations */ = {
			isa = PBXNativeTarget;
			buildConfigurationList = A0D08EA31FE4B5AC003E63DE /* Build configuration list for PBXNativeTarget "KKAnimations" */;
			buildPhases = (
				A0D08E8D1FE4B5AC003E63DE /* Sources */,
				A0D08E8E1FE4B5AC003E63DE /* Frameworks */,
				A0D08E8F1FE4B5AC003E63DE /* Resources */,
			);
			buildRules = (
			);
			dependencies = (
			);
			name = KKAnimations;
			productName = KKAnimations;
			productReference = A0D08E911FE4B5AC003E63DE /* KKAnimations.app */;
			productType = "com.apple.product-type.application";
		};
/* End PBXNativeTarget section */

/* Begin PBXProject section */
		A0D08E891FE4B5AC003E63DE /* Project object */ = {
			isa = PBXProject;
			attributes = {
				LastSwiftUpdateCheck = 0900;
				LastUpgradeCheck = 0900;
				ORGANIZATIONNAME = keke;
				TargetAttributes = {
					A0D08E901FE4B5AC003E63DE = {
						CreatedOnToolsVersion = 9.0.1;
						ProvisioningStyle = Automatic;
					};
				};
			};
			buildConfigurationList = A0D08E8C1FE4B5AC003E63DE /* Build configuration list for PBXProject "KKAnimations" */;
			compatibilityVersion = "Xcode 8.0";
			developmentRegion = en;
			hasScannedForEncodings = 0;
			knownRegions = (
				en,
				Base,
			);
			mainGroup = A0D08E881FE4B5AC003E63DE;
			productRefGroup = A0D08E921FE4B5AC003E63DE /* Products */;
			projectDirPath = "";
			projectRoot = "";
			targets = (
				A0D08E901FE4B5AC003E63DE /* KKAnimations */,
			);
		};
/* End PBXProject section */

/* Begin PBXResourcesBuildPhase section */
		A0D08E8F1FE4B5AC003E63DE /* Resources */ = {
			isa = PBXResourcesBuildPhase;
			buildActionMask = 2147483647;
			files = (
				A0D08E9F1FE4B5AC003E63DE /* LaunchScreen.storyboard in Resources */,
				A0D08E9C1FE4B5AC003E63DE /* Assets.xcassets in Resources */,
				A0D08E9A1FE4B5AC003E63DE /* Main.storyboard in Resources */,
			);
			runOnlyForDeploymentPostprocessing = 0;
		};
/* End PBXResourcesBuildPhase section */

/* Begin PBXSourcesBuildPhase section */
		A0D08E8D1FE4B5AC003E63DE /* Sources */ = {
			isa = PBXSourcesBuildPhase;
			buildActionMask = 2147483647;
			files = (
				A0D08E971FE4B5AC003E63DE /* ViewController.swift in Sources */,
				A0D08E951FE4B5AC003E63DE /* AppDelegate.swift in Sources */,
				A0D08EA91FE4B911003E63DE /* FruitViewController.swift in Sources */,
			);
			runOnlyForDeploymentPostprocessing = 0;
		};
/* End PBXSourcesBuildPhase section */

/* Begin PBXVariantGroup section */
		A0D08E981FE4B5AC003E63DE /* Main.storyboard */ = {
			isa = PBXVariantGroup;
			children = (
				A0D08E991FE4B5AC003E63DE /* Base */,
			);
			name = Main.storyboard;
			sourceTree = "<group>";
		};
		A0D08E9D1FE4B5AC003E63DE /* LaunchScreen.storyboard */ = {
			isa = PBXVariantGroup;
			children = (
				A0D08E9E1FE4B5AC003E63DE /* Base */,
			);
			name = LaunchScreen.storyboard;
			sourceTree = "<group>";
		};
/* End PBXVariantGroup section */

/* Begin XCBuildConfiguration section */
		A0D08EA11FE4B5AC003E63DE /* Debug */ = {
			isa = XCBuildConfiguration;
			buildSettings = {
				ALWAYS_SEARCH_USER_PATHS = NO;
				CLANG_ANALYZER_NONNULL = YES;
				CLANG_ANALYZER_NUMBER_OBJECT_CONVERSION = YES_AGGRESSIVE;
				CLANG_CXX_LANGUAGE_STANDARD = "gnu++14";
				CLANG_CXX_LIBRARY = "libc++";
				CLANG_ENABLE_MODULES = YES;
				CLANG_ENABLE_OBJC_ARC = YES;
				CLANG_WARN_BLOCK_CAPTURE_AUTORELEASING = YES;
				CLANG_WARN_BOOL_CONVERSION = YES;
				CLANG_WARN_COMMA = YES;
				CLANG_WARN_CONSTANT_CONVERSION = YES;
				CLANG_WARN_DIRECT_OBJC_ISA_USAGE = YES_ERROR;
				CLANG_WARN_DOCUMENTATION_COMMENTS = YES;
				CLANG_WARN_EMPTY_BODY = YES;
				CLANG_WARN_ENUM_CONVERSION = YES;
				CLANG_WARN_INFINITE_RECURSION = YES;
				CLANG_WARN_INT_CONVERSION = YES;
				CLANG_WARN_NON_LITERAL_NULL_CONVERSION = YES;
				CLANG_WARN_OBJC_LITERAL_CONVERSION = YES;
				CLANG_WARN_OBJC_ROOT_CLASS = YES_ERROR;
				CLANG_WARN_RANGE_LOOP_ANALYSIS = YES;
				CLANG_WARN_STRICT_PROTOTYPES = YES;
				CLANG_WARN_SUSPICIOUS_MOVE = YES;
				CLANG_WARN_UNGUARDED_AVAILABILITY = YES_AGGRESSIVE;
				CLANG_WARN_UNREACHABLE_CODE = YES;
				CLANG_WARN__DUPLICATE_METHOD_MATCH = YES;
				CODE_SIGN_IDENTITY = "iPhone Developer";
				COPY_PHASE_STRIP = NO;
				DEBUG_INFORMATION_FORMAT = dwarf;
				ENABLE_STRICT_OBJC_MSGSEND = YES;
				ENABLE_TESTABILITY = YES;
				GCC_C_LANGUAGE_STANDARD = gnu11;
				GCC_DYNAMIC_NO_PIC = NO;
				GCC_NO_COMMON_BLOCKS = YES;
				GCC_OPTIMIZATION_LEVEL = 0;
				GCC_PREPROCESSOR_DEFINITIONS = (
					"DEBUG=1",
					"$(inherited)",
				);
				GCC_WARN_64_TO_32_BIT_CONVERSION = YES;
				GCC_WARN_ABOUT_RETURN_TYPE = YES_ERROR;
				GCC_WARN_UNDECLARED_SELECTOR = YES;
				GCC_WARN_UNINITIALIZED_AUTOS = YES_AGGRESSIVE;
				GCC_WARN_UNUSED_FUNCTION = YES;
				GCC_WARN_UNUSED_VARIABLE = YES;
				IPHONEOS_DEPLOYMENT_TARGET = 11.0;
				MTL_ENABLE_DEBUG_INFO = YES;
				ONLY_ACTIVE_ARCH = YES;
				SDKROOT = iphoneos;
				SWIFT_ACTIVE_COMPILATION_CONDITIONS = DEBUG;
				SWIFT_OPTIMIZATION_LEVEL = "-Onone";
			};
			name = Debug;
		};
		A0D08EA21FE4B5AC003E63DE /* Release */ = {
			isa = XCBuildConfiguration;
			buildSettings = {
				ALWAYS_SEARCH_USER_PATHS = NO;
				CLANG_ANALYZER_NONNULL = YES;
				CLANG_ANALYZER_NUMBER_OBJECT_CONVERSION = YES_AGGRESSIVE;
				CLANG_CXX_LANGUAGE_STANDARD = "gnu++14";
				CLANG_CXX_LIBRARY = "libc++";
				CLANG_ENABLE_MODULES = YES;
				CLANG_ENABLE_OBJC_ARC = YES;
				CLANG_WARN_BLOCK_CAPTURE_AUTORELEASING = YES;
				CLANG_WARN_BOOL_CONVERSION = YES;
				CLANG_WARN_COMMA = YES;
				CLANG_WARN_CONSTANT_CONVERSION = YES;
				CLANG_WARN_DIRECT_OBJC_ISA_USAGE = YES_ERROR;
				CLANG_WARN_DOCUMENTATION_COMMENTS = YES;
				CLANG_WARN_EMPTY_BODY = YES;
				CLANG_WARN_ENUM_CONVERSION = YES;
				CLANG_WARN_INFINITE_RECURSION = YES;
				CLANG_WARN_INT_CONVERSION = YES;
				CLANG_WARN_NON_LITERAL_NULL_CONVERSION = YES;
				CLANG_WARN_OBJC_LITERAL_CONVERSION = YES;
				CLANG_WARN_OBJC_ROOT_CLASS = YES_ERROR;
				CLANG_WARN_RANGE_LOOP_ANALYSIS = YES;
				CLANG_WARN_STRICT_PROTOTYPES = YES;
				CLANG_WARN_SUSPICIOUS_MOVE = YES;
				CLANG_WARN_UNGUARDED_AVAILABILITY = YES_AGGRESSIVE;
				CLANG_WARN_UNREACHABLE_CODE = YES;
				CLANG_WARN__DUPLICATE_METHOD_MATCH = YES;
				CODE_SIGN_IDENTITY = "iPhone Developer";
				COPY_PHASE_STRIP = NO;
				DEBUG_INFORMATION_FORMAT = "dwarf-with-dsym";
				ENABLE_NS_ASSERTIONS = NO;
				ENABLE_STRICT_OBJC_MSGSEND = YES;
				GCC_C_LANGUAGE_STANDARD = gnu11;
				GCC_NO_COMMON_BLOCKS = YES;
				GCC_WARN_64_TO_32_BIT_CONVERSION = YES;
				GCC_WARN_ABOUT_RETURN_TYPE = YES_ERROR;
				GCC_WARN_UNDECLARED_SELECTOR = YES;
				GCC_WARN_UNINITIALIZED_AUTOS = YES_AGGRESSIVE;
				GCC_WARN_UNUSED_FUNCTION = YES;
				GCC_WARN_UNUSED_VARIABLE = YES;
				IPHONEOS_DEPLOYMENT_TARGET = 11.0;
				MTL_ENABLE_DEBUG_INFO = NO;
				SDKROOT = iphoneos;
				SWIFT_OPTIMIZATION_LEVEL = "-Owholemodule";
				VALIDATE_PRODUCT = YES;
			};
			name = Release;
		};
		A0D08EA41FE4B5AC003E63DE /* Debug */ = {
			isa = XCBuildConfiguration;
			buildSettings = {
				ASSETCATALOG_COMPILER_APPICON_NAME = AppIcon;
				CODE_SIGN_STYLE = Automatic;
				DEVELOPMENT_TEAM = FU2N2VJN4R;
				INFOPLIST_FILE = KKAnimations/Info.plist;
				IPHONEOS_DEPLOYMENT_TARGET = 10.0;
				LD_RUNPATH_SEARCH_PATHS = "$(inherited) @executable_path/Frameworks";
				PRODUCT_BUNDLE_IDENTIFIER = keke.KKAnimations;
				PRODUCT_NAME = "$(TARGET_NAME)";
				SWIFT_VERSION = 4.0;
				TARGETED_DEVICE_FAMILY = "1,2";
			};
			name = Debug;
		};
		A0D08EA51FE4B5AC003E63DE /* Release */ = {
			isa = XCBuildConfiguration;
			buildSettings = {
				ASSETCATALOG_COMPILER_APPICON_NAME = AppIcon;
				CODE_SIGN_STYLE = Automatic;
				DEVELOPMENT_TEAM = FU2N2VJN4R;
				INFOPLIST_FILE = KKAnimations/Info.plist;
				IPHONEOS_DEPLOYMENT_TARGET = 10.0;
				LD_RUNPATH_SEARCH_PATHS = "$(inherited) @executable_path/Frameworks";
				PRODUCT_BUNDLE_IDENTIFIER = keke.KKAnimations;
				PRODUCT_NAME = "$(TARGET_NAME)";
				SWIFT_VERSION = 4.0;
				TARGETED_DEVICE_FAMILY = "1,2";
			};
			name = Release;
		};
/* End XCBuildConfiguration section */

/* Begin XCConfigurationList section */
		A0D08E8C1FE4B5AC003E63DE /* Build configuration list for PBXProject "KKAnimations" */ = {
			isa = XCConfigurationList;
			buildConfigurations = (
				A0D08EA11FE4B5AC003E63DE /* Debug */,
				A0D08EA21FE4B5AC003E63DE /* Release */,
			);
			defaultConfigurationIsVisible = 0;
			defaultConfigurationName = Release;
		};
		A0D08EA31FE4B5AC003E63DE /* Build configuration list for PBXNativeTarget "KKAnimations" */ = {
			isa = XCConfigurationList;
			buildConfigurations = (
				A0D08EA41FE4B5AC003E63DE /* Debug */,
				A0D08EA51FE4B5AC003E63DE /* Release */,
			);
			defaultConfigurationIsVisible = 0;
			defaultConfigurationName = Release;
		};
/* End XCConfigurationList section */
	};
	rootObject = A0D08E891FE4B5AC003E63DE /* Project object */;
}
